<?xml version="1.0" encoding="UTF-8"?>
<!DOCTYPE plist PUBLIC "-//Apple//DTD PLIST 1.0//EN" "http://www.apple.com/DTDs/PropertyList-1.0.dtd">
<plist version="1.0">
<dict>
	<key>archiveVersion</key>
	<string>1</string>
	<key>classes</key>
	<dict/>
	<key>objectVersion</key>
	<string>46</string>
	<key>objects</key>
	<dict>
		<key>1E2687A5D05A4962A97DBADD</key>
		<dict>
			<key>buildActionMask</key>
			<string>2147483647</string>
			<key>files</key>
			<array/>
			<key>inputPaths</key>
			<array/>
			<key>isa</key>
			<string>PBXShellScriptBuildPhase</string>
			<key>name</key>
			<string>Copy Pods Resources</string>
			<key>outputPaths</key>
			<array/>
			<key>runOnlyForDeploymentPostprocessing</key>
			<string>0</string>
			<key>shellPath</key>
			<string>/bin/sh</string>
			<key>shellScript</key>
			<string>"${SRCROOT}/Pods/Pods-resources.sh"
</string>
		</dict>
		<key>22662F3D1DDC402DBB7B0099</key>
		<dict>
			<key>explicitFileType</key>
			<string>archive.ar</string>
			<key>includeInIndex</key>
			<string>0</string>
			<key>isa</key>
			<string>PBXFileReference</string>
			<key>name</key>
			<string>libPods.a</string>
			<key>path</key>
			<string>libPods.a</string>
			<key>sourceTree</key>
			<string>BUILT_PRODUCTS_DIR</string>
		</dict>
		<key>6CA3E3F04F894A81BF270D7A</key>
		<dict>
			<key>fileRef</key>
			<string>22662F3D1DDC402DBB7B0099</string>
			<key>isa</key>
			<string>PBXBuildFile</string>
		</dict>
		<key>D1AE824B15A4E46000DE7655</key>
		<dict>
			<key>children</key>
			<array>
				<string>D1AE828715A4E6E900DE7655</string>
				<string>D1AE825B15A4E46000DE7655</string>
				<string>D1AE826F15A4E46000DE7655</string>
				<string>D1AE825815A4E46000DE7655</string>
				<string>D1AE825715A4E46000DE7655</string>
				<string>E2494238A20E4DEEBED62585</string>
			</array>
			<key>isa</key>
			<string>PBXGroup</string>
			<key>sourceTree</key>
			<string>&lt;group&gt;</string>
		</dict>
		<key>D1AE824D15A4E46000DE7655</key>
		<dict>
			<key>attributes</key>
			<dict>
				<key>LastUpgradeCheck</key>
				<string>0430</string>
			</dict>
			<key>buildConfigurationList</key>
			<string>D1AE825015A4E46000DE7655</string>
			<key>compatibilityVersion</key>
			<string>Xcode 3.2</string>
			<key>developmentRegion</key>
			<string>English</string>
			<key>hasScannedForEncodings</key>
			<string>0</string>
			<key>isa</key>
			<string>PBXProject</string>
			<key>knownRegions</key>
			<array>
				<string>en</string>
			</array>
			<key>mainGroup</key>
			<string>D1AE824B15A4E46000DE7655</string>
			<key>productRefGroup</key>
			<string>D1AE825715A4E46000DE7655</string>
			<key>projectDirPath</key>
			<string></string>
			<key>projectRoot</key>
			<string></string>
			<key>targets</key>
			<array>
				<string>D1AE825515A4E46000DE7655</string>
				<string>D1AE826515A4E46000DE7655</string>
			</array>
		</dict>
		<key>D1AE825015A4E46000DE7655</key>
		<dict>
			<key>buildConfigurations</key>
			<array>
				<string>D1AE827815A4E46000DE7655</string>
				<string>D1AE827915A4E46000DE7655</string>
			</array>
			<key>defaultConfigurationIsVisible</key>
			<string>0</string>
			<key>defaultConfigurationName</key>
			<string>Release</string>
			<key>isa</key>
			<string>XCConfigurationList</string>
		</dict>
		<key>D1AE825215A4E46000DE7655</key>
		<dict>
			<key>buildActionMask</key>
			<string>2147483647</string>
			<key>files</key>
			<array>
				<string>D1AE826015A4E46000DE7655</string>
				<string>D1AE828415A4E52400DE7655</string>
				<string>D1AE829915A4E6F700DE7655</string>
				<string>D1AE829C15A4E6F700DE7655</string>
				<string>D1AE829F15A4E6F700DE7655</string>
				<string>D1AE82A215A4E6F700DE7655</string>
				<string>D1AE82A515A4E6F700DE7655</string>
				<string>D1AE82A815A4E6F700DE7655</string>
				<string>D1AE82B415A4E7D800DE7655</string>
			</array>
			<key>isa</key>
			<string>PBXSourcesBuildPhase</string>
			<key>runOnlyForDeploymentPostprocessing</key>
			<string>0</string>
		</dict>
		<key>D1AE825315A4E46000DE7655</key>
		<dict>
			<key>buildActionMask</key>
			<string>2147483647</string>
			<key>files</key>
			<array>
				<string>D1AE825A15A4E46000DE7655</string>
				<string>6CA3E3F04F894A81BF270D7A</string>
			</array>
			<key>isa</key>
			<string>PBXFrameworksBuildPhase</string>
			<key>runOnlyForDeploymentPostprocessing</key>
			<string>0</string>
		</dict>
		<key>D1AE825415A4E46000DE7655</key>
		<dict>
			<key>buildActionMask</key>
			<string>2147483647</string>
			<key>files</key>
			<array>
				<string>D1AE828315A4E52400DE7655</string>
				<string>D1AE829815A4E6F700DE7655</string>
				<string>D1AE829B15A4E6F700DE7655</string>
				<string>D1AE829E15A4E6F700DE7655</string>
				<string>D1AE82A115A4E6F700DE7655</string>
				<string>D1AE82A415A4E6F700DE7655</string>
				<string>D1AE82A715A4E6F700DE7655</string>
				<string>D1AE82AF15A4E79C00DE7655</string>
				<string>D1AE82B315A4E7D800DE7655</string>
			</array>
			<key>isa</key>
			<string>PBXHeadersBuildPhase</string>
			<key>runOnlyForDeploymentPostprocessing</key>
			<string>0</string>
		</dict>
		<key>D1AE825515A4E46000DE7655</key>
		<dict>
			<key>buildConfigurationList</key>
			<string>D1AE827A15A4E46000DE7655</string>
			<key>buildPhases</key>
			<array>
				<string>D1AE825215A4E46000DE7655</string>
				<string>D1AE825315A4E46000DE7655</string>
				<string>D1AE825415A4E46000DE7655</string>
				<string>1E2687A5D05A4962A97DBADD</string>
			</array>
			<key>buildRules</key>
			<array/>
			<key>dependencies</key>
			<array/>
			<key>isa</key>
			<string>PBXNativeTarget</string>
			<key>name</key>
			<string>RKULock</string>
			<key>productName</key>
			<string>RKULock</string>
			<key>productReference</key>
			<string>D1AE825615A4E46000DE7655</string>
			<key>productType</key>
			<string>com.apple.product-type.library.static</string>
		</dict>
		<key>D1AE825615A4E46000DE7655</key>
		<dict>
			<key>explicitFileType</key>
			<string>archive.ar</string>
			<key>includeInIndex</key>
			<string>0</string>
			<key>isa</key>
			<string>PBXFileReference</string>
			<key>name</key>
			<string>libRKULock.a</string>
			<key>path</key>
			<string>libRKULock.a</string>
			<key>sourceTree</key>
			<string>BUILT_PRODUCTS_DIR</string>
		</dict>
		<key>D1AE825715A4E46000DE7655</key>
		<dict>
			<key>children</key>
			<array>
				<string>D1AE825615A4E46000DE7655</string>
				<string>D1AE826615A4E46000DE7655</string>
			</array>
			<key>isa</key>
			<string>PBXGroup</string>
			<key>name</key>
			<string>Products</string>
			<key>sourceTree</key>
			<string>&lt;group&gt;</string>
		</dict>
		<key>D1AE825815A4E46000DE7655</key>
		<dict>
			<key>children</key>
			<array>
				<string>D1AE825915A4E46000DE7655</string>
				<string>D1AE826715A4E46000DE7655</string>
				<string>D1AE826915A4E46000DE7655</string>
				<string>22662F3D1DDC402DBB7B0099</string>
			</array>
			<key>isa</key>
			<string>PBXGroup</string>
			<key>name</key>
			<string>Frameworks</string>
			<key>sourceTree</key>
			<string>&lt;group&gt;</string>
		</dict>
		<key>D1AE825915A4E46000DE7655</key>
		<dict>
			<key>includeInIndex</key>
			<string>1</string>
			<key>isa</key>
			<string>PBXFileReference</string>
			<key>lastKnownFileType</key>
			<string>wrapper.framework</string>
			<key>name</key>
			<string>Foundation.framework</string>
			<key>path</key>
			<string>System/Library/Frameworks/Foundation.framework</string>
			<key>sourceTree</key>
			<string>SDKROOT</string>
		</dict>
		<key>D1AE825A15A4E46000DE7655</key>
		<dict>
			<key>fileRef</key>
			<string>D1AE825915A4E46000DE7655</string>
			<key>isa</key>
			<string>PBXBuildFile</string>
		</dict>
		<key>D1AE825B15A4E46000DE7655</key>
		<dict>
			<key>children</key>
			<array>
				<string>D1AE82AD15A4E76E00DE7655</string>
				<string>D1AE828015A4E4DA00DE7655</string>
				<string>D1AE825E15A4E46000DE7655</string>
				<string>D1AE825F15A4E46000DE7655</string>
				<string>D1AE825C15A4E46000DE7655</string>
			</array>
			<key>isa</key>
			<string>PBXGroup</string>
			<key>path</key>
			<string>RKULock</string>
			<key>sourceTree</key>
			<string>&lt;group&gt;</string>
		</dict>
		<key>D1AE825C15A4E46000DE7655</key>
		<dict>
			<key>children</key>
			<array>
				<string>D1AE825D15A4E46000DE7655</string>
			</array>
			<key>isa</key>
			<string>PBXGroup</string>
			<key>name</key>
			<string>Supporting Files</string>
			<key>sourceTree</key>
			<string>&lt;group&gt;</string>
		</dict>
		<key>D1AE825D15A4E46000DE7655</key>
		<dict>
			<key>isa</key>
			<string>PBXFileReference</string>
			<key>lastKnownFileType</key>
			<string>sourcecode.c.h</string>
			<key>path</key>
			<string>RKULock-Prefix.pch</string>
			<key>sourceTree</key>
			<string>&lt;group&gt;</string>
		</dict>
		<key>D1AE825E15A4E46000DE7655</key>
		<dict>
			<key>isa</key>
			<string>PBXFileReference</string>
			<key>lastKnownFileType</key>
			<string>sourcecode.c.h</string>
			<key>path</key>
			<string>RKULock.h</string>
			<key>sourceTree</key>
			<string>&lt;group&gt;</string>
		</dict>
		<key>D1AE825F15A4E46000DE7655</key>
		<dict>
			<key>isa</key>
			<string>PBXFileReference</string>
			<key>lastKnownFileType</key>
			<string>sourcecode.c.objc</string>
			<key>path</key>
			<string>RKULock.m</string>
			<key>sourceTree</key>
			<string>&lt;group&gt;</string>
		</dict>
		<key>D1AE826015A4E46000DE7655</key>
		<dict>
			<key>fileRef</key>
			<string>D1AE825F15A4E46000DE7655</string>
			<key>isa</key>
			<string>PBXBuildFile</string>
		</dict>
		<key>D1AE826115A4E46000DE7655</key>
		<dict>
			<key>buildActionMask</key>
			<string>2147483647</string>
			<key>files</key>
			<array>
				<string>D1AE828515A4E52400DE7655</string>
				<string>D1AE829A15A4E6F700DE7655</string>
				<string>D1AE829D15A4E6F700DE7655</string>
				<string>D1AE82A015A4E6F700DE7655</string>
				<string>D1AE82A315A4E6F700DE7655</string>
				<string>D1AE82A615A4E6F700DE7655</string>
				<string>D1AE82A915A4E6F700DE7655</string>
				<string>D1AE82B515A4E7D800DE7655</string>
				<string>D1AE82B915A4E84100DE7655</string>
				<string>D1AE82BF15A4F88C00DE7655</string>
				<string>D1AE82C215A4F8A900DE7655</string>
			</array>
			<key>isa</key>
			<string>PBXSourcesBuildPhase</string>
			<key>runOnlyForDeploymentPostprocessing</key>
			<string>0</string>
		</dict>
		<key>D1AE826215A4E46000DE7655</key>
		<dict>
			<key>buildActionMask</key>
			<string>2147483647</string>
			<key>files</key>
			<array>
				<string>D1AE826815A4E46000DE7655</string>
				<string>D1AE826A15A4E46000DE7655</string>
				<string>D1AE826B15A4E46000DE7655</string>
				<string>D1AE826E15A4E46000DE7655</string>
			</array>
			<key>isa</key>
			<string>PBXFrameworksBuildPhase</string>
			<key>runOnlyForDeploymentPostprocessing</key>
			<string>0</string>
		</dict>
		<key>D1AE826315A4E46000DE7655</key>
		<dict>
			<key>buildActionMask</key>
			<string>2147483647</string>
			<key>files</key>
			<array>
				<string>D1AE827415A4E46000DE7655</string>
				<string>D1AE829715A4E6F700DE7655</string>
			</array>
			<key>isa</key>
			<string>PBXResourcesBuildPhase</string>
			<key>runOnlyForDeploymentPostprocessing</key>
			<string>0</string>
		</dict>
		<key>D1AE826415A4E46000DE7655</key>
		<dict>
			<key>buildActionMask</key>
			<string>2147483647</string>
			<key>files</key>
			<array/>
			<key>inputPaths</key>
			<array/>
			<key>isa</key>
			<string>PBXShellScriptBuildPhase</string>
			<key>outputPaths</key>
			<array/>
			<key>runOnlyForDeploymentPostprocessing</key>
			<string>0</string>
			<key>shellPath</key>
			<string>/bin/sh</string>
			<key>shellScript</key>
			<string># Run the unit tests in this test bundle.
"${SYSTEM_DEVELOPER_DIR}/Tools/RunUnitTests"
</string>
		</dict>
		<key>D1AE826515A4E46000DE7655</key>
		<dict>
			<key>buildConfigurationList</key>
			<string>D1AE827D15A4E46000DE7655</string>
			<key>buildPhases</key>
			<array>
				<string>D1AE826115A4E46000DE7655</string>
				<string>D1AE826215A4E46000DE7655</string>
				<string>D1AE826315A4E46000DE7655</string>
				<string>D1AE826415A4E46000DE7655</string>
			</array>
			<key>buildRules</key>
			<array/>
			<key>dependencies</key>
			<array>
				<string>D1AE826D15A4E46000DE7655</string>
			</array>
			<key>isa</key>
			<string>PBXNativeTarget</string>
			<key>name</key>
			<string>RKULockTests</string>
			<key>productName</key>
			<string>RKULockTests</string>
			<key>productReference</key>
			<string>D1AE826615A4E46000DE7655</string>
			<key>productType</key>
			<string>com.apple.product-type.bundle</string>
		</dict>
		<key>D1AE826615A4E46000DE7655</key>
		<dict>
			<key>explicitFileType</key>
			<string>wrapper.cfbundle</string>
			<key>includeInIndex</key>
			<string>0</string>
			<key>isa</key>
			<string>PBXFileReference</string>
			<key>name</key>
			<string>RKULockTests.octest</string>
			<key>path</key>
			<string>RKULockTests.octest</string>
			<key>sourceTree</key>
			<string>BUILT_PRODUCTS_DIR</string>
		</dict>
		<key>D1AE826715A4E46000DE7655</key>
		<dict>
			<key>isa</key>
			<string>PBXFileReference</string>
			<key>lastKnownFileType</key>
			<string>wrapper.framework</string>
			<key>name</key>
			<string>SenTestingKit.framework</string>
			<key>path</key>
			<string>Library/Frameworks/SenTestingKit.framework</string>
			<key>sourceTree</key>
			<string>DEVELOPER_DIR</string>
		</dict>
		<key>D1AE826815A4E46000DE7655</key>
		<dict>
			<key>fileRef</key>
			<string>D1AE826715A4E46000DE7655</string>
			<key>isa</key>
			<string>PBXBuildFile</string>
		</dict>
		<key>D1AE826915A4E46000DE7655</key>
		<dict>
			<key>isa</key>
			<string>PBXFileReference</string>
			<key>lastKnownFileType</key>
			<string>wrapper.framework</string>
			<key>name</key>
			<string>UIKit.framework</string>
			<key>path</key>
			<string>Library/Frameworks/UIKit.framework</string>
			<key>sourceTree</key>
			<string>DEVELOPER_DIR</string>
		</dict>
		<key>D1AE826A15A4E46000DE7655</key>
		<dict>
			<key>fileRef</key>
			<string>D1AE826915A4E46000DE7655</string>
			<key>isa</key>
			<string>PBXBuildFile</string>
		</dict>
		<key>D1AE826B15A4E46000DE7655</key>
		<dict>
			<key>fileRef</key>
			<string>D1AE825915A4E46000DE7655</string>
			<key>isa</key>
			<string>PBXBuildFile</string>
		</dict>
		<key>D1AE826C15A4E46000DE7655</key>
		<dict>
			<key>containerPortal</key>
			<string>D1AE824D15A4E46000DE7655</string>
			<key>isa</key>
			<string>PBXContainerItemProxy</string>
			<key>proxyType</key>
			<string>1</string>
			<key>remoteGlobalIDString</key>
			<string>D1AE825515A4E46000DE7655</string>
			<key>remoteInfo</key>
			<string>RKULock</string>
		</dict>
		<key>D1AE826D15A4E46000DE7655</key>
		<dict>
			<key>isa</key>
			<string>PBXTargetDependency</string>
			<key>target</key>
			<string>D1AE825515A4E46000DE7655</string>
			<key>targetProxy</key>
			<string>D1AE826C15A4E46000DE7655</string>
		</dict>
		<key>D1AE826E15A4E46000DE7655</key>
		<dict>
			<key>fileRef</key>
			<string>D1AE825615A4E46000DE7655</string>
			<key>isa</key>
			<string>PBXBuildFile</string>
		</dict>
		<key>D1AE826F15A4E46000DE7655</key>
		<dict>
			<key>children</key>
			<array>
				<string>D1AE82B615A4E80500DE7655</string>
				<string>D1AE82B015A4E7B400DE7655</string>
				<string>D1AE827015A4E46000DE7655</string>
			</array>
			<key>isa</key>
			<string>PBXGroup</string>
			<key>path</key>
			<string>RKULockTests</string>
			<key>sourceTree</key>
			<string>&lt;group&gt;</string>
		</dict>
		<key>D1AE827015A4E46000DE7655</key>
		<dict>
			<key>children</key>
			<array>
				<string>D1AE827115A4E46000DE7655</string>
				<string>D1AE827215A4E46000DE7655</string>
			</array>
			<key>isa</key>
			<string>PBXGroup</string>
			<key>name</key>
			<string>Supporting Files</string>
			<key>sourceTree</key>
			<string>&lt;group&gt;</string>
		</dict>
		<key>D1AE827115A4E46000DE7655</key>
		<dict>
			<key>isa</key>
			<string>PBXFileReference</string>
			<key>lastKnownFileType</key>
			<string>text.plist.xml</string>
			<key>path</key>
			<string>RKULockTests-Info.plist</string>
			<key>sourceTree</key>
			<string>&lt;group&gt;</string>
		</dict>
		<key>D1AE827215A4E46000DE7655</key>
		<dict>
			<key>children</key>
			<array>
				<string>D1AE827315A4E46000DE7655</string>
			</array>
			<key>isa</key>
			<string>PBXVariantGroup</string>
			<key>name</key>
			<string>InfoPlist.strings</string>
			<key>sourceTree</key>
			<string>&lt;group&gt;</string>
		</dict>
		<key>D1AE827315A4E46000DE7655</key>
		<dict>
			<key>isa</key>
			<string>PBXFileReference</string>
			<key>lastKnownFileType</key>
			<string>text.plist.strings</string>
			<key>name</key>
			<string>en</string>
			<key>path</key>
			<string>en.lproj/InfoPlist.strings</string>
			<key>sourceTree</key>
			<string>&lt;group&gt;</string>
		</dict>
		<key>D1AE827415A4E46000DE7655</key>
		<dict>
			<key>fileRef</key>
			<string>D1AE827215A4E46000DE7655</string>
			<key>isa</key>
			<string>PBXBuildFile</string>
		</dict>
		<key>D1AE827815A4E46000DE7655</key>
		<dict>
			<key>buildSettings</key>
			<dict>
				<key>ALWAYS_SEARCH_USER_PATHS</key>
				<string>NO</string>
				<key>ARCHS</key>
				<string>$(ARCHS_STANDARD_32_BIT)</string>
				<key>CLANG_ENABLE_OBJC_ARC</key>
				<string>YES</string>
				<key>COPY_PHASE_STRIP</key>
				<string>NO</string>
				<key>GCC_C_LANGUAGE_STANDARD</key>
				<string>gnu99</string>
				<key>GCC_DYNAMIC_NO_PIC</key>
				<string>NO</string>
				<key>GCC_OPTIMIZATION_LEVEL</key>
				<string>0</string>
				<key>GCC_PREPROCESSOR_DEFINITIONS</key>
				<array>
					<string>DEBUG=1</string>
					<string>$(inherited)</string>
				</array>
				<key>GCC_SYMBOLS_PRIVATE_EXTERN</key>
				<string>NO</string>
				<key>GCC_VERSION</key>
				<string>com.apple.compilers.llvm.clang.1_0</string>
				<key>GCC_WARN_ABOUT_RETURN_TYPE</key>
				<string>YES</string>
				<key>GCC_WARN_UNINITIALIZED_AUTOS</key>
				<string>YES</string>
				<key>GCC_WARN_UNUSED_VARIABLE</key>
				<string>YES</string>
				<key>IPHONEOS_DEPLOYMENT_TARGET</key>
				<string>5.1</string>
				<key>SDKROOT</key>
				<string>iphoneos</string>
			</dict>
			<key>isa</key>
			<string>XCBuildConfiguration</string>
			<key>name</key>
			<string>Debug</string>
		</dict>
		<key>D1AE827915A4E46000DE7655</key>
		<dict>
			<key>buildSettings</key>
			<dict>
				<key>ALWAYS_SEARCH_USER_PATHS</key>
				<string>NO</string>
				<key>ARCHS</key>
				<string>$(ARCHS_STANDARD_32_BIT)</string>
				<key>CLANG_ENABLE_OBJC_ARC</key>
				<string>YES</string>
				<key>COPY_PHASE_STRIP</key>
				<string>YES</string>
				<key>GCC_C_LANGUAGE_STANDARD</key>
				<string>gnu99</string>
				<key>GCC_VERSION</key>
				<string>com.apple.compilers.llvm.clang.1_0</string>
				<key>GCC_WARN_ABOUT_RETURN_TYPE</key>
				<string>YES</string>
				<key>GCC_WARN_UNINITIALIZED_AUTOS</key>
				<string>YES</string>
				<key>GCC_WARN_UNUSED_VARIABLE</key>
				<string>YES</string>
				<key>IPHONEOS_DEPLOYMENT_TARGET</key>
				<string>5.1</string>
				<key>SDKROOT</key>
				<string>iphoneos</string>
				<key>VALIDATE_PRODUCT</key>
				<string>YES</string>
			</dict>
			<key>isa</key>
			<string>XCBuildConfiguration</string>
			<key>name</key>
			<string>Release</string>
		</dict>
		<key>D1AE827A15A4E46000DE7655</key>
		<dict>
			<key>buildConfigurations</key>
			<array>
				<string>D1AE827B15A4E46000DE7655</string>
				<string>D1AE827C15A4E46000DE7655</string>
			</array>
			<key>defaultConfigurationIsVisible</key>
			<string>0</string>
			<key>isa</key>
			<string>XCConfigurationList</string>
		</dict>
		<key>D1AE827B15A4E46000DE7655</key>
		<dict>
			<key>baseConfigurationReference</key>
			<string>E2494238A20E4DEEBED62585</string>
			<key>buildSettings</key>
			<dict>
				<key>DSTROOT</key>
				<string>/tmp/RKULock.dst</string>
				<key>GCC_PRECOMPILE_PREFIX_HEADER</key>
				<string>YES</string>
				<key>GCC_PREFIX_HEADER</key>
				<string>RKULock/RKULock-Prefix.pch</string>
				<key>OTHER_LDFLAGS</key>
				<string>-ObjC</string>
				<key>PRODUCT_NAME</key>
				<string>$(TARGET_NAME)</string>
				<key>SKIP_INSTALL</key>
				<string>YES</string>
			</dict>
			<key>isa</key>
			<string>XCBuildConfiguration</string>
			<key>name</key>
			<string>Debug</string>
		</dict>
		<key>D1AE827C15A4E46000DE7655</key>
		<dict>
			<key>baseConfigurationReference</key>
			<string>E2494238A20E4DEEBED62585</string>
			<key>buildSettings</key>
			<dict>
				<key>DSTROOT</key>
				<string>/tmp/RKULock.dst</string>
				<key>GCC_PRECOMPILE_PREFIX_HEADER</key>
				<string>YES</string>
				<key>GCC_PREFIX_HEADER</key>
				<string>RKULock/RKULock-Prefix.pch</string>
				<key>OTHER_LDFLAGS</key>
				<string>-ObjC</string>
				<key>PRODUCT_NAME</key>
				<string>$(TARGET_NAME)</string>
				<key>SKIP_INSTALL</key>
				<string>YES</string>
			</dict>
			<key>isa</key>
			<string>XCBuildConfiguration</string>
			<key>name</key>
			<string>Release</string>
		</dict>
		<key>D1AE827D15A4E46000DE7655</key>
		<dict>
			<key>buildConfigurations</key>
			<array>
				<string>D1AE827E15A4E46000DE7655</string>
				<string>D1AE827F15A4E46000DE7655</string>
			</array>
			<key>defaultConfigurationIsVisible</key>
			<string>0</string>
			<key>isa</key>
			<string>XCConfigurationList</string>
		</dict>
		<key>D1AE827E15A4E46000DE7655</key>
		<dict>
			<key>buildSettings</key>
			<dict>
				<key>FRAMEWORK_SEARCH_PATHS</key>
				<array>
					<string>$(SDKROOT)/Developer/Library/Frameworks</string>
					<string>$(DEVELOPER_LIBRARY_DIR)/Frameworks</string>
				</array>
				<key>GCC_PRECOMPILE_PREFIX_HEADER</key>
				<string>YES</string>
				<key>GCC_PREFIX_HEADER</key>
				<string>RKULock/RKULock-Prefix.pch</string>
				<key>INFOPLIST_FILE</key>
				<string>RKULockTests/RKULockTests-Info.plist</string>
				<key>PRODUCT_NAME</key>
				<string>$(TARGET_NAME)</string>
				<key>WRAPPER_EXTENSION</key>
				<string>octest</string>
			</dict>
			<key>isa</key>
			<string>XCBuildConfiguration</string>
			<key>name</key>
			<string>Debug</string>
		</dict>
		<key>D1AE827F15A4E46000DE7655</key>
		<dict>
			<key>buildSettings</key>
			<dict>
				<key>FRAMEWORK_SEARCH_PATHS</key>
				<array>
					<string>$(SDKROOT)/Developer/Library/Frameworks</string>
					<string>$(DEVELOPER_LIBRARY_DIR)/Frameworks</string>
				</array>
				<key>GCC_PRECOMPILE_PREFIX_HEADER</key>
				<string>YES</string>
				<key>GCC_PREFIX_HEADER</key>
				<string>RKULock/RKULock-Prefix.pch</string>
				<key>INFOPLIST_FILE</key>
				<string>RKULockTests/RKULockTests-Info.plist</string>
				<key>PRODUCT_NAME</key>
				<string>$(TARGET_NAME)</string>
				<key>WRAPPER_EXTENSION</key>
				<string>octest</string>
			</dict>
			<key>isa</key>
			<string>XCBuildConfiguration</string>
			<key>name</key>
			<string>Release</string>
		</dict>
		<key>D1AE828015A4E4DA00DE7655</key>
		<dict>
			<key>children</key>
			<array>
				<string>D1AE828115A4E52400DE7655</string>
				<string>D1AE828215A4E52400DE7655</string>
			</array>
			<key>isa</key>
			<string>PBXGroup</string>
			<key>name</key>
			<string>Manager</string>
			<key>sourceTree</key>
			<string>&lt;group&gt;</string>
		</dict>
		<key>D1AE828115A4E52400DE7655</key>
		<dict>
			<key>fileEncoding</key>
			<string>4</string>
			<key>isa</key>
			<string>PBXFileReference</string>
			<key>lastKnownFileType</key>
			<string>sourcecode.c.h</string>
			<key>name</key>
			<string>RKUSessionManager.h</string>
			<key>path</key>
			<string>Manager/RKUSessionManager.h</string>
			<key>sourceTree</key>
			<string>&lt;group&gt;</string>
		</dict>
		<key>D1AE828215A4E52400DE7655</key>
		<dict>
			<key>fileEncoding</key>
			<string>4</string>
			<key>isa</key>
			<string>PBXFileReference</string>
			<key>lastKnownFileType</key>
			<string>sourcecode.c.objc</string>
			<key>name</key>
			<string>RKUSessionManager.m</string>
			<key>path</key>
			<string>Manager/RKUSessionManager.m</string>
			<key>sourceTree</key>
			<string>&lt;group&gt;</string>
		</dict>
		<key>D1AE828315A4E52400DE7655</key>
		<dict>
			<key>fileRef</key>
			<string>D1AE828115A4E52400DE7655</string>
			<key>isa</key>
			<string>PBXBuildFile</string>
		</dict>
		<key>D1AE828415A4E52400DE7655</key>
		<dict>
			<key>fileRef</key>
			<string>D1AE828215A4E52400DE7655</string>
			<key>isa</key>
			<string>PBXBuildFile</string>
		</dict>
		<key>D1AE828515A4E52400DE7655</key>
		<dict>
			<key>fileRef</key>
			<string>D1AE828215A4E52400DE7655</string>
			<key>isa</key>
			<string>PBXBuildFile</string>
		</dict>
		<key>D1AE828715A4E6E900DE7655</key>
		<dict>
			<key>children</key>
			<array>
				<string>D1AE828815A4E6F700DE7655</string>
				<string>D1AE828915A4E6F700DE7655</string>
				<string>D1AE828A15A4E6F700DE7655</string>
				<string>D1AE828B15A4E6F700DE7655</string>
				<string>D1AE828C15A4E6F700DE7655</string>
				<string>D1AE828D15A4E6F700DE7655</string>
				<string>D1AE828E15A4E6F700DE7655</string>
				<string>D1AE828F15A4E6F700DE7655</string>
				<string>D1AE829015A4E6F700DE7655</string>
				<string>D1AE829115A4E6F700DE7655</string>
				<string>D1AE829215A4E6F700DE7655</string>
				<string>D1AE829315A4E6F700DE7655</string>
				<string>D1AE829415A4E6F700DE7655</string>
			</array>
			<key>isa</key>
			<string>PBXGroup</string>
			<key>name</key>
			<string>Libraries</string>
			<key>sourceTree</key>
			<string>&lt;group&gt;</string>
		</dict>
		<key>D1AE828815A4E6F700DE7655</key>
		<dict>
			<key>fileEncoding</key>
			<string>4</string>
			<key>isa</key>
			<string>PBXFileReference</string>
			<key>lastKnownFileType</key>
			<string>text</string>
			<key>name</key>
			<string>LICENSE</string>
			<key>path</key>
			<string>Libraries/MAObjRuntime/LICENSE</string>
			<key>sourceTree</key>
			<string>&lt;group&gt;</string>
		</dict>
		<key>D1AE828915A4E6F700DE7655</key>
		<dict>
			<key>fileEncoding</key>
			<string>4</string>
			<key>isa</key>
			<string>PBXFileReference</string>
			<key>lastKnownFileType</key>
			<string>sourcecode.c.h</string>
			<key>name</key>
			<string>MARTNSObject.h</string>
			<key>path</key>
			<string>Libraries/MAObjRuntime/MARTNSObject.h</string>
			<key>sourceTree</key>
			<string>&lt;group&gt;</string>
		</dict>
		<key>D1AE828A15A4E6F700DE7655</key>
		<dict>
			<key>fileEncoding</key>
			<string>4</string>
			<key>isa</key>
			<string>PBXFileReference</string>
			<key>lastKnownFileType</key>
			<string>sourcecode.c.objc</string>
			<key>name</key>
			<string>MARTNSObject.m</string>
			<key>path</key>
			<string>Libraries/MAObjRuntime/MARTNSObject.m</string>
			<key>sourceTree</key>
			<string>&lt;group&gt;</string>
		</dict>
		<key>D1AE828B15A4E6F700DE7655</key>
		<dict>
			<key>fileEncoding</key>
			<string>4</string>
			<key>isa</key>
			<string>PBXFileReference</string>
			<key>lastKnownFileType</key>
			<string>sourcecode.c.h</string>
			<key>name</key>
			<string>RTIvar.h</string>
			<key>path</key>
			<string>Libraries/MAObjRuntime/RTIvar.h</string>
			<key>sourceTree</key>
			<string>&lt;group&gt;</string>
		</dict>
		<key>D1AE828C15A4E6F700DE7655</key>
		<dict>
			<key>fileEncoding</key>
			<string>4</string>
			<key>isa</key>
			<string>PBXFileReference</string>
			<key>lastKnownFileType</key>
			<string>sourcecode.c.objc</string>
			<key>name</key>
			<string>RTIvar.m</string>
			<key>path</key>
			<string>Libraries/MAObjRuntime/RTIvar.m</string>
			<key>sourceTree</key>
			<string>&lt;group&gt;</string>
		</dict>
		<key>D1AE828D15A4E6F700DE7655</key>
		<dict>
			<key>fileEncoding</key>
			<string>4</string>
			<key>isa</key>
			<string>PBXFileReference</string>
			<key>lastKnownFileType</key>
			<string>sourcecode.c.h</string>
			<key>name</key>
			<string>RTMethod.h</string>
			<key>path</key>
			<string>Libraries/MAObjRuntime/RTMethod.h</string>
			<key>sourceTree</key>
			<string>&lt;group&gt;</string>
		</dict>
		<key>D1AE828E15A4E6F700DE7655</key>
		<dict>
			<key>fileEncoding</key>
			<string>4</string>
			<key>isa</key>
			<string>PBXFileReference</string>
			<key>lastKnownFileType</key>
			<string>sourcecode.c.objc</string>
			<key>name</key>
			<string>RTMethod.m</string>
			<key>path</key>
			<string>Libraries/MAObjRuntime/RTMethod.m</string>
			<key>sourceTree</key>
			<string>&lt;group&gt;</string>
		</dict>
		<key>D1AE828F15A4E6F700DE7655</key>
		<dict>
			<key>fileEncoding</key>
			<string>4</string>
			<key>isa</key>
			<string>PBXFileReference</string>
			<key>lastKnownFileType</key>
			<string>sourcecode.c.h</string>
			<key>name</key>
			<string>RTProperty.h</string>
			<key>path</key>
			<string>Libraries/MAObjRuntime/RTProperty.h</string>
			<key>sourceTree</key>
			<string>&lt;group&gt;</string>
		</dict>
		<key>D1AE829015A4E6F700DE7655</key>
		<dict>
			<key>fileEncoding</key>
			<string>4</string>
			<key>isa</key>
			<string>PBXFileReference</string>
			<key>lastKnownFileType</key>
			<string>sourcecode.c.objc</string>
			<key>name</key>
			<string>RTProperty.m</string>
			<key>path</key>
			<string>Libraries/MAObjRuntime/RTProperty.m</string>
			<key>sourceTree</key>
			<string>&lt;group&gt;</string>
		</dict>
		<key>D1AE829115A4E6F700DE7655</key>
		<dict>
			<key>fileEncoding</key>
			<string>4</string>
			<key>isa</key>
			<string>PBXFileReference</string>
			<key>lastKnownFileType</key>
			<string>sourcecode.c.h</string>
			<key>name</key>
			<string>RTProtocol.h</string>
			<key>path</key>
			<string>Libraries/MAObjRuntime/RTProtocol.h</string>
			<key>sourceTree</key>
			<string>&lt;group&gt;</string>
		</dict>
		<key>D1AE829215A4E6F700DE7655</key>
		<dict>
			<key>fileEncoding</key>
			<string>4</string>
			<key>isa</key>
			<string>PBXFileReference</string>
			<key>lastKnownFileType</key>
			<string>sourcecode.c.objc</string>
			<key>name</key>
			<string>RTProtocol.m</string>
			<key>path</key>
			<string>Libraries/MAObjRuntime/RTProtocol.m</string>
			<key>sourceTree</key>
			<string>&lt;group&gt;</string>
		</dict>
		<key>D1AE829315A4E6F700DE7655</key>
		<dict>
			<key>fileEncoding</key>
			<string>4</string>
			<key>isa</key>
			<string>PBXFileReference</string>
			<key>lastKnownFileType</key>
			<string>sourcecode.c.h</string>
			<key>name</key>
			<string>RTUnregisteredClass.h</string>
			<key>path</key>
			<string>Libraries/MAObjRuntime/RTUnregisteredClass.h</string>
			<key>sourceTree</key>
			<string>&lt;group&gt;</string>
		</dict>
		<key>D1AE829415A4E6F700DE7655</key>
		<dict>
			<key>fileEncoding</key>
			<string>4</string>
			<key>isa</key>
			<string>PBXFileReference</string>
			<key>lastKnownFileType</key>
			<string>sourcecode.c.objc</string>
			<key>name</key>
			<string>RTUnregisteredClass.m</string>
			<key>path</key>
			<string>Libraries/MAObjRuntime/RTUnregisteredClass.m</string>
			<key>sourceTree</key>
			<string>&lt;group&gt;</string>
		</dict>
		<key>D1AE829715A4E6F700DE7655</key>
		<dict>
			<key>fileRef</key>
			<string>D1AE828815A4E6F700DE7655</string>
			<key>isa</key>
			<string>PBXBuildFile</string>
		</dict>
		<key>D1AE829815A4E6F700DE7655</key>
		<dict>
			<key>fileRef</key>
			<string>D1AE828915A4E6F700DE7655</string>
			<key>isa</key>
			<string>PBXBuildFile</string>
		</dict>
		<key>D1AE829915A4E6F700DE7655</key>
		<dict>
			<key>fileRef</key>
			<string>D1AE828A15A4E6F700DE7655</string>
			<key>isa</key>
			<string>PBXBuildFile</string>
			<key>settings</key>
			<dict>
				<key>COMPILER_FLAGS</key>
				<string>-fno-objc-arc</string>
			</dict>
		</dict>
		<key>D1AE829A15A4E6F700DE7655</key>
		<dict>
			<key>fileRef</key>
			<string>D1AE828A15A4E6F700DE7655</string>
			<key>isa</key>
			<string>PBXBuildFile</string>
			<key>settings</key>
			<dict>
				<key>COMPILER_FLAGS</key>
				<string>-fno-objc-arc</string>
			</dict>
		</dict>
		<key>D1AE829B15A4E6F700DE7655</key>
		<dict>
			<key>fileRef</key>
			<string>D1AE828B15A4E6F700DE7655</string>
			<key>isa</key>
			<string>PBXBuildFile</string>
		</dict>
		<key>D1AE829C15A4E6F700DE7655</key>
		<dict>
			<key>fileRef</key>
			<string>D1AE828C15A4E6F700DE7655</string>
			<key>isa</key>
			<string>PBXBuildFile</string>
			<key>settings</key>
			<dict>
				<key>COMPILER_FLAGS</key>
				<string>-fno-objc-arc</string>
			</dict>
		</dict>
		<key>D1AE829D15A4E6F700DE7655</key>
		<dict>
			<key>fileRef</key>
			<string>D1AE828C15A4E6F700DE7655</string>
			<key>isa</key>
			<string>PBXBuildFile</string>
			<key>settings</key>
			<dict>
				<key>COMPILER_FLAGS</key>
				<string>-fno-objc-arc</string>
			</dict>
		</dict>
		<key>D1AE829E15A4E6F700DE7655</key>
		<dict>
			<key>fileRef</key>
			<string>D1AE828D15A4E6F700DE7655</string>
			<key>isa</key>
			<string>PBXBuildFile</string>
		</dict>
		<key>D1AE829F15A4E6F700DE7655</key>
		<dict>
			<key>fileRef</key>
			<string>D1AE828E15A4E6F700DE7655</string>
			<key>isa</key>
			<string>PBXBuildFile</string>
			<key>settings</key>
			<dict>
				<key>COMPILER_FLAGS</key>
				<string>-fno-objc-arc</string>
			</dict>
		</dict>
		<key>D1AE82A015A4E6F700DE7655</key>
		<dict>
			<key>fileRef</key>
			<string>D1AE828E15A4E6F700DE7655</string>
			<key>isa</key>
			<string>PBXBuildFile</string>
			<key>settings</key>
			<dict>
				<key>COMPILER_FLAGS</key>
				<string>-fno-objc-arc</string>
			</dict>
		</dict>
		<key>D1AE82A115A4E6F700DE7655</key>
		<dict>
			<key>fileRef</key>
			<string>D1AE828F15A4E6F700DE7655</string>
			<key>isa</key>
			<string>PBXBuildFile</string>
		</dict>
		<key>D1AE82A215A4E6F700DE7655</key>
		<dict>
			<key>fileRef</key>
			<string>D1AE829015A4E6F700DE7655</string>
			<key>isa</key>
			<string>PBXBuildFile</string>
			<key>settings</key>
			<dict>
				<key>COMPILER_FLAGS</key>
				<string>-fno-objc-arc</string>
			</dict>
		</dict>
		<key>D1AE82A315A4E6F700DE7655</key>
		<dict>
			<key>fileRef</key>
			<string>D1AE829015A4E6F700DE7655</string>
			<key>isa</key>
			<string>PBXBuildFile</string>
			<key>settings</key>
			<dict>
				<key>COMPILER_FLAGS</key>
				<string>-fno-objc-arc</string>
			</dict>
		</dict>
		<key>D1AE82A415A4E6F700DE7655</key>
		<dict>
			<key>fileRef</key>
			<string>D1AE829115A4E6F700DE7655</string>
			<key>isa</key>
			<string>PBXBuildFile</string>
		</dict>
		<key>D1AE82A515A4E6F700DE7655</key>
		<dict>
			<key>fileRef</key>
			<string>D1AE829215A4E6F700DE7655</string>
			<key>isa</key>
			<string>PBXBuildFile</string>
			<key>settings</key>
			<dict>
				<key>COMPILER_FLAGS</key>
				<string>-fno-objc-arc</string>
			</dict>
		</dict>
		<key>D1AE82A615A4E6F700DE7655</key>
		<dict>
			<key>fileRef</key>
			<string>D1AE829215A4E6F700DE7655</string>
			<key>isa</key>
			<string>PBXBuildFile</string>
			<key>settings</key>
			<dict>
				<key>COMPILER_FLAGS</key>
				<string>-fno-objc-arc</string>
			</dict>
		</dict>
		<key>D1AE82A715A4E6F700DE7655</key>
		<dict>
			<key>fileRef</key>
			<string>D1AE829315A4E6F700DE7655</string>
			<key>isa</key>
			<string>PBXBuildFile</string>
		</dict>
		<key>D1AE82A815A4E6F700DE7655</key>
		<dict>
			<key>fileRef</key>
			<string>D1AE829415A4E6F700DE7655</string>
			<key>isa</key>
			<string>PBXBuildFile</string>
			<key>settings</key>
			<dict>
				<key>COMPILER_FLAGS</key>
				<string>-fno-objc-arc</string>
			</dict>
		</dict>
		<key>D1AE82A915A4E6F700DE7655</key>
		<dict>
			<key>fileRef</key>
			<string>D1AE829415A4E6F700DE7655</string>
			<key>isa</key>
			<string>PBXBuildFile</string>
			<key>settings</key>
			<dict>
				<key>COMPILER_FLAGS</key>
				<string>-fno-objc-arc</string>
			</dict>
		</dict>
		<key>D1AE82AD15A4E76E00DE7655</key>
		<dict>
			<key>children</key>
			<array>
				<string>D1AE82AE15A4E79C00DE7655</string>
			</array>
			<key>isa</key>
			<string>PBXGroup</string>
			<key>name</key>
			<string>Protocols</string>
			<key>sourceTree</key>
			<string>&lt;group&gt;</string>
		</dict>
		<key>D1AE82AE15A4E79C00DE7655</key>
		<dict>
			<key>fileEncoding</key>
			<string>4</string>
			<key>isa</key>
			<string>PBXFileReference</string>
			<key>lastKnownFileType</key>
			<string>sourcecode.c.h</string>
			<key>name</key>
			<string>RKUAuthPlugIn.h</string>
			<key>path</key>
			<string>Protocols/RKUAuthPlugIn.h</string>
			<key>sourceTree</key>
			<string>&lt;group&gt;</string>
		</dict>
		<key>D1AE82AF15A4E79C00DE7655</key>
		<dict>
			<key>fileRef</key>
			<string>D1AE82AE15A4E79C00DE7655</string>
			<key>isa</key>
			<string>PBXBuildFile</string>
		</dict>
		<key>D1AE82B015A4E7B400DE7655</key>
		<dict>
			<key>children</key>
			<array>
				<string>D1AE82B115A4E7D800DE7655</string>
				<string>D1AE82B215A4E7D800DE7655</string>
				<string>D1AE82BD15A4F88C00DE7655</string>
				<string>D1AE82BE15A4F88C00DE7655</string>
				<string>D1AE82C015A4F8A900DE7655</string>
				<string>D1AE82C115A4F8A900DE7655</string>
			</array>
			<key>isa</key>
			<string>PBXGroup</string>
			<key>name</key>
			<string>PlugIns</string>
			<key>sourceTree</key>
			<string>&lt;group&gt;</string>
		</dict>
		<key>D1AE82B115A4E7D800DE7655</key>
		<dict>
			<key>fileEncoding</key>
			<string>4</string>
			<key>isa</key>
			<string>PBXFileReference</string>
			<key>lastKnownFileType</key>
			<string>sourcecode.c.h</string>
			<key>name</key>
			<string>RKUTestAuthPlugIn.h</string>
			<key>path</key>
			<string>PlugIns/RKUTestAuthPlugIn.h</string>
			<key>sourceTree</key>
			<string>&lt;group&gt;</string>
		</dict>
		<key>D1AE82B215A4E7D800DE7655</key>
		<dict>
			<key>fileEncoding</key>
			<string>4</string>
			<key>isa</key>
			<string>PBXFileReference</string>
			<key>lastKnownFileType</key>
			<string>sourcecode.c.objc</string>
			<key>name</key>
			<string>RKUTestAuthPlugIn.m</string>
			<key>path</key>
			<string>PlugIns/RKUTestAuthPlugIn.m</string>
			<key>sourceTree</key>
			<string>&lt;group&gt;</string>
		</dict>
		<key>D1AE82B315A4E7D800DE7655</key>
		<dict>
			<key>fileRef</key>
			<string>D1AE82B115A4E7D800DE7655</string>
			<key>isa</key>
			<string>PBXBuildFile</string>
		</dict>
		<key>D1AE82B415A4E7D800DE7655</key>
		<dict>
			<key>fileRef</key>
			<string>D1AE82B215A4E7D800DE7655</string>
			<key>isa</key>
			<string>PBXBuildFile</string>
		</dict>
		<key>D1AE82B515A4E7D800DE7655</key>
		<dict>
			<key>fileRef</key>
			<string>D1AE82B215A4E7D800DE7655</string>
			<key>isa</key>
			<string>PBXBuildFile</string>
		</dict>
		<key>D1AE82B615A4E80500DE7655</key>
		<dict>
			<key>children</key>
			<array>
				<string>D1AE82B715A4E84100DE7655</string>
				<string>D1AE82B815A4E84100DE7655</string>
			</array>
			<key>isa</key>
			<string>PBXGroup</string>
			<key>name</key>
			<string>Manager</string>
			<key>sourceTree</key>
			<string>&lt;group&gt;</string>
		</dict>
		<key>D1AE82B715A4E84100DE7655</key>
		<dict>
			<key>fileEncoding</key>
			<string>4</string>
			<key>isa</key>
			<string>PBXFileReference</string>
			<key>lastKnownFileType</key>
			<string>sourcecode.c.h</string>
			<key>name</key>
			<string>RKUSessionManagerTest.h</string>
			<key>path</key>
			<string>Manager/RKUSessionManagerTest.h</string>
			<key>sourceTree</key>
			<string>&lt;group&gt;</string>
		</dict>
		<key>D1AE82B815A4E84100DE7655</key>
		<dict>
			<key>fileEncoding</key>
			<string>4</string>
			<key>isa</key>
			<string>PBXFileReference</string>
			<key>lastKnownFileType</key>
			<string>sourcecode.c.objc</string>
			<key>name</key>
			<string>RKUSessionManagerTest.m</string>
			<key>path</key>
			<string>Manager/RKUSessionManagerTest.m</string>
			<key>sourceTree</key>
			<string>&lt;group&gt;</string>
		</dict>
		<key>D1AE82B915A4E84100DE7655</key>
		<dict>
			<key>fileRef</key>
			<string>D1AE82B815A4E84100DE7655</string>
			<key>isa</key>
			<string>PBXBuildFile</string>
		</dict>
		<key>D1AE82BD15A4F88C00DE7655</key>
		<dict>
			<key>fileEncoding</key>
			<string>4</string>
			<key>isa</key>
			<string>PBXFileReference</string>
			<key>lastKnownFileType</key>
			<string>sourcecode.c.h</string>
			<key>name</key>
			<string>RKUAuthPlugInFail.h</string>
			<key>path</key>
			<string>PlugIns/RKUAuthPlugInFail.h</string>
			<key>sourceTree</key>
			<string>&lt;group&gt;</string>
		</dict>
		<key>D1AE82BE15A4F88C00DE7655</key>
		<dict>
			<key>fileEncoding</key>
			<string>4</string>
			<key>isa</key>
			<string>PBXFileReference</string>
			<key>lastKnownFileType</key>
			<string>sourcecode.c.objc</string>
			<key>name</key>
			<string>RKUAuthPlugInFail.m</string>
			<key>path</key>
			<string>PlugIns/RKUAuthPlugInFail.m</string>
			<key>sourceTree</key>
			<string>&lt;group&gt;</string>
		</dict>
		<key>D1AE82BF15A4F88C00DE7655</key>
		<dict>
			<key>fileRef</key>
			<string>D1AE82BE15A4F88C00DE7655</string>
			<key>isa</key>
			<string>PBXBuildFile</string>
		</dict>
		<key>D1AE82C015A4F8A900DE7655</key>
		<dict>
			<key>fileEncoding</key>
			<string>4</string>
			<key>isa</key>
			<string>PBXFileReference</string>
			<key>lastKnownFileType</key>
			<string>sourcecode.c.h</string>
			<key>name</key>
			<string>RKUFailTestAuthPlugIn.h</string>
			<key>path</key>
			<string>PlugIns/RKUFailTestAuthPlugIn.h</string>
			<key>sourceTree</key>
			<string>&lt;group&gt;</string>
		</dict>
		<key>D1AE82C115A4F8A900DE7655</key>
		<dict>
			<key>fileEncoding</key>
			<string>4</string>
			<key>isa</key>
			<string>PBXFileReference</string>
			<key>lastKnownFileType</key>
			<string>sourcecode.c.objc</string>
			<key>name</key>
			<string>RKUFailTestAuthPlugIn.m</string>
			<key>path</key>
			<string>PlugIns/RKUFailTestAuthPlugIn.m</string>
			<key>sourceTree</key>
			<string>&lt;group&gt;</string>
		</dict>
		<key>D1AE82C215A4F8A900DE7655</key>
		<dict>
			<key>fileRef</key>
			<string>D1AE82C115A4F8A900DE7655</string>
			<key>isa</key>
			<string>PBXBuildFile</string>
		</dict>
		<key>E2494238A20E4DEEBED62585</key>
		<dict>
			<key>includeInIndex</key>
			<string>1</string>
			<key>isa</key>
			<string>PBXFileReference</string>
			<key>lastKnownFileType</key>
			<string>text.xcconfig</string>
			<key>name</key>
			<string>Pods.xcconfig</string>
			<key>path</key>
			<string>Pods/Pods.xcconfig</string>
			<key>sourceTree</key>
			<string>SOURCE_ROOT</string>
		</dict>
	</dict>
	<key>rootObject</key>
	<string>D1AE824D15A4E46000DE7655</string>
</dict>
</plist>
